
Microsoft Visual Studio Solution File, Format Version 12.00
# Visual Studio Version 17
VisualStudioVersion = 17.3.32929.385
MinimumVisualStudioVersion = 10.0.40219.1
Project("{FAE04EC0-301F-11D3-BF4B-00C04F79EFBC}") = "PurchaseAlcohol.Android", "PurchaseAlcohol\PurchaseAlcohol.Android\PurchaseAlcohol.Android.csproj", "{A00A63BA-6940-4069-9379-611D6D3211CA}"
EndProject
Project("{FAE04EC0-301F-11D3-BF4B-00C04F79EFBC}") = "PurchaseAlcohol.iOS", "PurchaseAlcohol\PurchaseAlcohol.iOS\PurchaseAlcohol.iOS.csproj", "{91FB987D-A2D1-4D79-947E-504E4FE09CF1}"
EndProject
Project("{FAE04EC0-301F-11D3-BF4B-00C04F79EFBC}") = "PurchaseAlcohol", "PurchaseAlcohol\PurchaseAlcohol\PurchaseAlcohol.csproj", "{848272A1-B12C-4613-8533-E1C8E3331060}"
EndProject
Global
	GlobalSection(SolutionConfigurationPlatforms) = preSolution
		Debug|Any CPU = Debug|Any CPU
		Debug|iPhone = Debug|iPhone
		Debug|iPhoneSimulator = Debug|iPhoneSimulator
		Release|Any CPU = Release|Any CPU
		Release|iPhone = Release|iPhone
		Release|iPhoneSimulator = Release|iPhoneSimulator
	EndGlobalSection
	GlobalSection(ProjectConfigurationPlatforms) = postSolution
		{A00A63BA-6940-4069-9379-611D6D3211CA}.Debug|Any CPU.ActiveCfg = Debug|Any CPU
		{A00A63BA-6940-4069-9379-611D6D3211CA}.Debug|Any CPU.Build.0 = Debug|Any CPU
		{A00A63BA-6940-4069-9379-611D6D3211CA}.Debug|Any CPU.Deploy.0 = Debug|Any CPU
		{A00A63BA-6940-4069-9379-611D6D3211CA}.Debug|iPhone.ActiveCfg = Debug|Any CPU
		{A00A63BA-6940-4069-9379-611D6D3211CA}.Debug|iPhone.Build.0 = Debug|Any CPU
		{A00A63BA-6940-4069-9379-611D6D3211CA}.Debug|iPhone.Deploy.0 = Debug|Any CPU
		{A00A63BA-6940-4069-9379-611D6D3211CA}.Debug|iPhoneSimulator.ActiveCfg = Debug|Any CPU
		{A00A63BA-6940-4069-9379-611D6D3211CA}.Debug|iPhoneSimulator.Build.0 = Debug|Any CPU
		{A00A63BA-6940-4069-9379-611D6D3211CA}.Debug|iPhoneSimulator.Deploy.0 = Debug|Any CPU
		{A00A63BA-6940-4069-9379-611D6D3211CA}.Release|Any CPU.ActiveCfg = Release|Any CPU
		{A00A63BA-6940-4069-9379-611D6D3211CA}.Release|Any CPU.Build.0 = Release|Any CPU
		{A00A63BA-6940-4069-9379-611D6D3211CA}.Release|Any CPU.Deploy.0 = Release|Any CPU
		{A00A63BA-6940-4069-9379-611D6D3211CA}.Release|iPhone.ActiveCfg = Release|Any CPU
		{A00A63BA-6940-4069-9379-611D6D3211CA}.Release|iPhone.Build.0 = Release|Any CPU
		{A00A63BA-6940-4069-9379-611D6D3211CA}.Release|iPhone.Deploy.0 = Release|Any CPU
		{A00A63BA-6940-4069-9379-611D6D3211CA}.Release|iPhoneSimulator.ActiveCfg = Release|Any CPU
		{A00A63BA-6940-4069-9379-611D6D3211CA}.Release|iPhoneSimulator.Build.0 = Release|Any CPU
		{A00A63BA-6940-4069-9379-611D6D3211CA}.Release|iPhoneSimulator.Deploy.0 = Release|Any CPU
		{91FB987D-A2D1-4D79-947E-504E4FE09CF1}.Debug|Any CPU.ActiveCfg = Debug|iPhone
		{91FB987D-A2D1-4D79-947E-504E4FE09CF1}.Debug|Any CPU.Build.0 = Debug|iPhone
		{91FB987D-A2D1-4D79-947E-504E4FE09CF1}.Debug|Any CPU.Deploy.0 = Debug|iPhone
		{91FB987D-A2D1-4D79-947E-504E4FE09CF1}.Debug|iPhone.ActiveCfg = Debug|iPhone
		{91FB987D-A2D1-4D79-947E-504E4FE09CF1}.Debug|iPhone.Build.0 = Debug|iPhone
		{91FB987D-A2D1-4D79-947E-504E4FE09CF1}.Debug|iPhone.Deploy.0 = Debug|iPhone
		{91FB987D-A2D1-4D79-947E-504E4FE09CF1}.Debug|iPhoneSimulator.ActiveCfg = Debug|iPhoneSimulator
		{91FB987D-A2D1-4D79-947E-504E4FE09CF1}.Debug|iPhoneSimulator.Build.0 = Debug|iPhoneSimulator
		{91FB987D-A2D1-4D79-947E-504E4FE09CF1}.Debug|iPhoneSimulator.Deploy.0 = Debug|iPhoneSimulator
		{91FB987D-A2D1-4D79-947E-504E4FE09CF1}.Release|Any CPU.ActiveCfg = Release|iPhoneSimulator
		{91FB987D-A2D1-4D79-947E-504E4FE09CF1}.Release|Any CPU.Build.0 = Release|iPhoneSimulator
		{91FB987D-A2D1-4D79-947E-504E4FE09CF1}.Release|Any CPU.Deploy.0 = Release|iPhoneSimulator
		{91FB987D-A2D1-4D79-947E-504E4FE09CF1}.Release|iPhone.ActiveCfg = Release|iPhone
		{91FB987D-A2D1-4D79-947E-504E4FE09CF1}.Release|iPhone.Build.0 = Release|iPhone
		{91FB987D-A2D1-4D79-947E-504E4FE09CF1}.Release|iPhone.Deploy.0 = Release|iPhone
		{91FB987D-A2D1-4D79-947E-504E4FE09CF1}.Release|iPhoneSimulator.ActiveCfg = Release|iPhoneSimulator
		{91FB987D-A2D1-4D79-947E-504E4FE09CF1}.Release|iPhoneSimulator.Build.0 = Release|iPhoneSimulator
		{91FB987D-A2D1-4D79-947E-504E4FE09CF1}.Release|iPhoneSimulator.Deploy.0 = Release|iPhoneSimulator
		{848272A1-B12C-4613-8533-E1C8E3331060}.Debug|Any CPU.ActiveCfg = Debug|Any CPU
		{848272A1-B12C-4613-8533-E1C8E3331060}.Debug|Any CPU.Build.0 = Debug|Any CPU
		{848272A1-B12C-4613-8533-E1C8E3331060}.Debug|Any CPU.Deploy.0 = Debug|Any CPU
		{848272A1-B12C-4613-8533-E1C8E3331060}.Debug|iPhone.ActiveCfg = Debug|Any CPU
		{848272A1-B12C-4613-8533-E1C8E3331060}.Debug|iPhone.Build.0 = Debug|Any CPU
		{848272A1-B12C-4613-8533-E1C8E3331060}.Debug|iPhone.Deploy.0 = Debug|Any CPU
		{848272A1-B12C-4613-8533-E1C8E3331060}.Debug|iPhoneSimulator.ActiveCfg = Debug|Any CPU
		{848272A1-B12C-4613-8533-E1C8E3331060}.Debug|iPhoneSimulator.Build.0 = Debug|Any CPU
		{848272A1-B12C-4613-8533-E1C8E3331060}.Debug|iPhoneSimulator.Deploy.0 = Debug|Any CPU
		{848272A1-B12C-4613-8533-E1C8E3331060}.Release|Any CPU.ActiveCfg = Release|Any CPU
		{848272A1-B12C-4613-8533-E1C8E3331060}.Release|Any CPU.Build.0 = Release|Any CPU
		{848272A1-B12C-4613-8533-E1C8E3331060}.Release|Any CPU.Deploy.0 = Release|Any CPU
		{848272A1-B12C-4613-8533-E1C8E3331060}.Release|iPhone.ActiveCfg = Release|Any CPU
		{848272A1-B12C-4613-8533-E1C8E3331060}.Release|iPhone.Build.0 = Release|Any CPU
		{848272A1-B12C-4613-8533-E1C8E3331060}.Release|iPhone.Deploy.0 = Release|Any CPU
		{848272A1-B12C-4613-8533-E1C8E3331060}.Release|iPhoneSimulator.ActiveCfg = Release|Any CPU
		{848272A1-B12C-4613-8533-E1C8E3331060}.Release|iPhoneSimulator.Build.0 = Release|Any CPU
		{848272A1-B12C-4613-8533-E1C8E3331060}.Release|iPhoneSimulator.Deploy.0 = Release|Any CPU
	EndGlobalSection
	GlobalSection(SolutionProperties) = preSolution
		HideSolutionNode = FALSE
	EndGlobalSection
	GlobalSection(ExtensibilityGlobals) = postSolution
		SolutionGuid = {4379BD2C-1539-4FBD-A74F-EE4A097585ED}
	EndGlobalSection
EndGlobal
